
Microsoft Visual Studio Solution File, Format Version 12.00
# Visual Studio 15
VisualStudioVersion = 15.0.28010.2046
MinimumVisualStudioVersion = 10.0.40219.1
Project("{9A19103F-16F7-4668-BE54-9A1E7A4F7556}") = "Day01", "Solutions\Day01\Day01.csproj", "{6D674C7F-D375-4296-89D9-BA372C24ADAB}"
EndProject
Project("{9A19103F-16F7-4668-BE54-9A1E7A4F7556}") = "Day02", "Solutions\Day02\Day02.csproj", "{FF031EFD-5936-4434-AE1E-7A82DCBAADB7}"
EndProject
Project("{9A19103F-16F7-4668-BE54-9A1E7A4F7556}") = "Day03", "Solutions\Day03\Day03.csproj", "{B18786AA-B74A-43ED-9C0C-5BBDFF284A9D}"
EndProject
Project("{9A19103F-16F7-4668-BE54-9A1E7A4F7556}") = "AdventOfCode.Common", "AdventOfCode.Common\AdventOfCode.Common.csproj", "{5BE746D3-F127-4629-A990-222990244081}"
EndProject
Project("{9A19103F-16F7-4668-BE54-9A1E7A4F7556}") = "Day04", "Solutions\Day04\Day04.csproj", "{D4981083-F832-444F-AF29-D65482A4B730}"
EndProject
Project("{FAE04EC0-301F-11D3-BF4B-00C04F79EFBC}") = "Day05", "Solutions\Day05\Day05.csproj", "{EBA57A73-C39A-4D45-836A-4696BC2A017B}"
EndProject
Project("{FAE04EC0-301F-11D3-BF4B-00C04F79EFBC}") = "Day06", "Solutions\Day06\Day06.csproj", "{287391DC-CB5F-4409-AE92-1AFF10BB02A3}"
EndProject
Project("{FAE04EC0-301F-11D3-BF4B-00C04F79EFBC}") = "Day07", "Solutions\Day07\Day07.csproj", "{C89A2FB9-EFAD-4900-BC31-E41FE7471625}"
EndProject
Global
	GlobalSection(SolutionConfigurationPlatforms) = preSolution
		Debug|Any CPU = Debug|Any CPU
		Release|Any CPU = Release|Any CPU
	EndGlobalSection
	GlobalSection(ProjectConfigurationPlatforms) = postSolution
		{6D674C7F-D375-4296-89D9-BA372C24ADAB}.Debug|Any CPU.ActiveCfg = Debug|Any CPU
		{6D674C7F-D375-4296-89D9-BA372C24ADAB}.Debug|Any CPU.Build.0 = Debug|Any CPU
		{6D674C7F-D375-4296-89D9-BA372C24ADAB}.Release|Any CPU.ActiveCfg = Release|Any CPU
		{6D674C7F-D375-4296-89D9-BA372C24ADAB}.Release|Any CPU.Build.0 = Release|Any CPU
		{FF031EFD-5936-4434-AE1E-7A82DCBAADB7}.Debug|Any CPU.ActiveCfg = Debug|Any CPU
		{FF031EFD-5936-4434-AE1E-7A82DCBAADB7}.Debug|Any CPU.Build.0 = Debug|Any CPU
		{FF031EFD-5936-4434-AE1E-7A82DCBAADB7}.Release|Any CPU.ActiveCfg = Release|Any CPU
		{FF031EFD-5936-4434-AE1E-7A82DCBAADB7}.Release|Any CPU.Build.0 = Release|Any CPU
		{B18786AA-B74A-43ED-9C0C-5BBDFF284A9D}.Debug|Any CPU.ActiveCfg = Debug|Any CPU
		{B18786AA-B74A-43ED-9C0C-5BBDFF284A9D}.Debug|Any CPU.Build.0 = Debug|Any CPU
		{B18786AA-B74A-43ED-9C0C-5BBDFF284A9D}.Release|Any CPU.ActiveCfg = Release|Any CPU
		{B18786AA-B74A-43ED-9C0C-5BBDFF284A9D}.Release|Any CPU.Build.0 = Release|Any CPU
		{5BE746D3-F127-4629-A990-222990244081}.Debug|Any CPU.ActiveCfg = Debug|Any CPU
		{5BE746D3-F127-4629-A990-222990244081}.Debug|Any CPU.Build.0 = Debug|Any CPU
		{5BE746D3-F127-4629-A990-222990244081}.Release|Any CPU.ActiveCfg = Release|Any CPU
		{5BE746D3-F127-4629-A990-222990244081}.Release|Any CPU.Build.0 = Release|Any CPU
		{D4981083-F832-444F-AF29-D65482A4B730}.Debug|Any CPU.ActiveCfg = Debug|Any CPU
		{D4981083-F832-444F-AF29-D65482A4B730}.Debug|Any CPU.Build.0 = Debug|Any CPU
		{D4981083-F832-444F-AF29-D65482A4B730}.Release|Any CPU.ActiveCfg = Release|Any CPU
		{D4981083-F832-444F-AF29-D65482A4B730}.Release|Any CPU.Build.0 = Release|Any CPU
		{EBA57A73-C39A-4D45-836A-4696BC2A017B}.Debug|Any CPU.ActiveCfg = Debug|Any CPU
		{EBA57A73-C39A-4D45-836A-4696BC2A017B}.Debug|Any CPU.Build.0 = Debug|Any CPU
		{EBA57A73-C39A-4D45-836A-4696BC2A017B}.Release|Any CPU.ActiveCfg = Release|Any CPU
		{EBA57A73-C39A-4D45-836A-4696BC2A017B}.Release|Any CPU.Build.0 = Release|Any CPU
		{287391DC-CB5F-4409-AE92-1AFF10BB02A3}.Debug|Any CPU.ActiveCfg = Debug|Any CPU
		{287391DC-CB5F-4409-AE92-1AFF10BB02A3}.Debug|Any CPU.Build.0 = Debug|Any CPU
		{287391DC-CB5F-4409-AE92-1AFF10BB02A3}.Release|Any CPU.ActiveCfg = Release|Any CPU
		{287391DC-CB5F-4409-AE92-1AFF10BB02A3}.Release|Any CPU.Build.0 = Release|Any CPU
		{C89A2FB9-EFAD-4900-BC31-E41FE7471625}.Debug|Any CPU.ActiveCfg = Debug|Any CPU
		{C89A2FB9-EFAD-4900-BC31-E41FE7471625}.Debug|Any CPU.Build.0 = Debug|Any CPU
		{C89A2FB9-EFAD-4900-BC31-E41FE7471625}.Release|Any CPU.ActiveCfg = Release|Any CPU
		{C89A2FB9-EFAD-4900-BC31-E41FE7471625}.Release|Any CPU.Build.0 = Release|Any CPU
	EndGlobalSection
	GlobalSection(SolutionProperties) = preSolution
		HideSolutionNode = FALSE
	EndGlobalSection
	GlobalSection(ExtensibilityGlobals) = postSolution
		SolutionGuid = {4B803C9A-7177-43CF-AA41-621165A6E7E8}
	EndGlobalSection
EndGlobal
