
Microsoft Visual Studio Solution File, Format Version 12.00
# Visual Studio 15
VisualStudioVersion = 15.0.28010.2046
MinimumVisualStudioVersion = 10.0.40219.1
Project("{9A19103F-16F7-4668-BE54-9A1E7A4F7556}") = "Day01", "Solutions\Day01\Day01.csproj", "{6D674C7F-D375-4296-89D9-BA372C24ADAB}"
EndProject
Project("{9A19103F-16F7-4668-BE54-9A1E7A4F7556}") = "Day02", "Solutions\Day02\Day02.csproj", "{FF031EFD-5936-4434-AE1E-7A82DCBAADB7}"
EndProject
Project("{9A19103F-16F7-4668-BE54-9A1E7A4F7556}") = "Day03", "Solutions\Day03\Day03.csproj", "{B18786AA-B74A-43ED-9C0C-5BBDFF284A9D}"
EndProject
Project("{9A19103F-16F7-4668-BE54-9A1E7A4F7556}") = "AdventOfCode.Common", "AdventOfCode.Common\AdventOfCode.Common.csproj", "{5BE746D3-F127-4629-A990-222990244081}"
EndProject
Project("{9A19103F-16F7-4668-BE54-9A1E7A4F7556}") = "Day04", "Solutions\Day04\Day04.csproj", "{D4981083-F832-444F-AF29-D65482A4B730}"
EndProject
Project("{9A19103F-16F7-4668-BE54-9A1E7A4F7556}") = "Day05", "Solutions\Day05\Day05.csproj", "{EBA57A73-C39A-4D45-836A-4696BC2A017B}"
EndProject
Project("{9A19103F-16F7-4668-BE54-9A1E7A4F7556}") = "Day06", "Solutions\Day06\Day06.csproj", "{287391DC-CB5F-4409-AE92-1AFF10BB02A3}"
EndProject
Project("{9A19103F-16F7-4668-BE54-9A1E7A4F7556}") = "Day07", "Solutions\Day07\Day07.csproj", "{C89A2FB9-EFAD-4900-BC31-E41FE7471625}"
EndProject
Project("{9A19103F-16F7-4668-BE54-9A1E7A4F7556}") = "Day08", "Solutions\Day08\Day08.csproj", "{5A8D3D3F-7086-4949-88BE-9727BB4C79FC}"
EndProject
Project("{9A19103F-16F7-4668-BE54-9A1E7A4F7556}") = "Day09", "Solutions\Day09\Day09.csproj", "{2D19E467-9203-449A-B73B-C9A3ED707675}"
EndProject
Project("{9A19103F-16F7-4668-BE54-9A1E7A4F7556}") = "Day10", "Solutions\Day10\Day10.csproj", "{E50C11A9-A357-4F82-AB21-216F8DA9CADE}"
EndProject
Project("{9A19103F-16F7-4668-BE54-9A1E7A4F7556}") = "Day11", "Solutions\Day11\Day11.csproj", "{33958AA3-8473-4FDC-880C-80DC150F442E}"
EndProject
Project("{9A19103F-16F7-4668-BE54-9A1E7A4F7556}") = "Day12", "Solutions\Day12\Day12.csproj", "{D8905FBD-BE9E-4A2D-8B8B-8005447B17F0}"
EndProject
Project("{FAE04EC0-301F-11D3-BF4B-00C04F79EFBC}") = "Day13", "Solutions\Day13\Day13.csproj", "{7CBE2DB6-4B5E-4998-9F3C-EC55EE9F8498}"
EndProject
Global
	GlobalSection(SolutionConfigurationPlatforms) = preSolution
		Debug|Any CPU = Debug|Any CPU
		Release|Any CPU = Release|Any CPU
	EndGlobalSection
	GlobalSection(ProjectConfigurationPlatforms) = postSolution
		{6D674C7F-D375-4296-89D9-BA372C24ADAB}.Debug|Any CPU.ActiveCfg = Debug|Any CPU
		{6D674C7F-D375-4296-89D9-BA372C24ADAB}.Debug|Any CPU.Build.0 = Debug|Any CPU
		{6D674C7F-D375-4296-89D9-BA372C24ADAB}.Release|Any CPU.ActiveCfg = Release|Any CPU
		{6D674C7F-D375-4296-89D9-BA372C24ADAB}.Release|Any CPU.Build.0 = Release|Any CPU
		{FF031EFD-5936-4434-AE1E-7A82DCBAADB7}.Debug|Any CPU.ActiveCfg = Debug|Any CPU
		{FF031EFD-5936-4434-AE1E-7A82DCBAADB7}.Debug|Any CPU.Build.0 = Debug|Any CPU
		{FF031EFD-5936-4434-AE1E-7A82DCBAADB7}.Release|Any CPU.ActiveCfg = Release|Any CPU
		{FF031EFD-5936-4434-AE1E-7A82DCBAADB7}.Release|Any CPU.Build.0 = Release|Any CPU
		{B18786AA-B74A-43ED-9C0C-5BBDFF284A9D}.Debug|Any CPU.ActiveCfg = Debug|Any CPU
		{B18786AA-B74A-43ED-9C0C-5BBDFF284A9D}.Debug|Any CPU.Build.0 = Debug|Any CPU
		{B18786AA-B74A-43ED-9C0C-5BBDFF284A9D}.Release|Any CPU.ActiveCfg = Release|Any CPU
		{B18786AA-B74A-43ED-9C0C-5BBDFF284A9D}.Release|Any CPU.Build.0 = Release|Any CPU
		{5BE746D3-F127-4629-A990-222990244081}.Debug|Any CPU.ActiveCfg = Debug|Any CPU
		{5BE746D3-F127-4629-A990-222990244081}.Debug|Any CPU.Build.0 = Debug|Any CPU
		{5BE746D3-F127-4629-A990-222990244081}.Release|Any CPU.ActiveCfg = Release|Any CPU
		{5BE746D3-F127-4629-A990-222990244081}.Release|Any CPU.Build.0 = Release|Any CPU
		{D4981083-F832-444F-AF29-D65482A4B730}.Debug|Any CPU.ActiveCfg = Debug|Any CPU
		{D4981083-F832-444F-AF29-D65482A4B730}.Debug|Any CPU.Build.0 = Debug|Any CPU
		{D4981083-F832-444F-AF29-D65482A4B730}.Release|Any CPU.ActiveCfg = Release|Any CPU
		{D4981083-F832-444F-AF29-D65482A4B730}.Release|Any CPU.Build.0 = Release|Any CPU
		{EBA57A73-C39A-4D45-836A-4696BC2A017B}.Debug|Any CPU.ActiveCfg = Debug|Any CPU
		{EBA57A73-C39A-4D45-836A-4696BC2A017B}.Debug|Any CPU.Build.0 = Debug|Any CPU
		{EBA57A73-C39A-4D45-836A-4696BC2A017B}.Release|Any CPU.ActiveCfg = Release|Any CPU
		{EBA57A73-C39A-4D45-836A-4696BC2A017B}.Release|Any CPU.Build.0 = Release|Any CPU
		{287391DC-CB5F-4409-AE92-1AFF10BB02A3}.Debug|Any CPU.ActiveCfg = Debug|Any CPU
		{287391DC-CB5F-4409-AE92-1AFF10BB02A3}.Debug|Any CPU.Build.0 = Debug|Any CPU
		{287391DC-CB5F-4409-AE92-1AFF10BB02A3}.Release|Any CPU.ActiveCfg = Release|Any CPU
		{287391DC-CB5F-4409-AE92-1AFF10BB02A3}.Release|Any CPU.Build.0 = Release|Any CPU
		{C89A2FB9-EFAD-4900-BC31-E41FE7471625}.Debug|Any CPU.ActiveCfg = Debug|Any CPU
		{C89A2FB9-EFAD-4900-BC31-E41FE7471625}.Debug|Any CPU.Build.0 = Debug|Any CPU
		{C89A2FB9-EFAD-4900-BC31-E41FE7471625}.Release|Any CPU.ActiveCfg = Release|Any CPU
		{C89A2FB9-EFAD-4900-BC31-E41FE7471625}.Release|Any CPU.Build.0 = Release|Any CPU
		{5A8D3D3F-7086-4949-88BE-9727BB4C79FC}.Debug|Any CPU.ActiveCfg = Debug|Any CPU
		{5A8D3D3F-7086-4949-88BE-9727BB4C79FC}.Debug|Any CPU.Build.0 = Debug|Any CPU
		{5A8D3D3F-7086-4949-88BE-9727BB4C79FC}.Release|Any CPU.ActiveCfg = Release|Any CPU
		{5A8D3D3F-7086-4949-88BE-9727BB4C79FC}.Release|Any CPU.Build.0 = Release|Any CPU
		{2D19E467-9203-449A-B73B-C9A3ED707675}.Debug|Any CPU.ActiveCfg = Debug|Any CPU
		{2D19E467-9203-449A-B73B-C9A3ED707675}.Debug|Any CPU.Build.0 = Debug|Any CPU
		{2D19E467-9203-449A-B73B-C9A3ED707675}.Release|Any CPU.ActiveCfg = Release|Any CPU
		{2D19E467-9203-449A-B73B-C9A3ED707675}.Release|Any CPU.Build.0 = Release|Any CPU
		{E50C11A9-A357-4F82-AB21-216F8DA9CADE}.Debug|Any CPU.ActiveCfg = Debug|Any CPU
		{E50C11A9-A357-4F82-AB21-216F8DA9CADE}.Debug|Any CPU.Build.0 = Debug|Any CPU
		{E50C11A9-A357-4F82-AB21-216F8DA9CADE}.Release|Any CPU.ActiveCfg = Release|Any CPU
		{E50C11A9-A357-4F82-AB21-216F8DA9CADE}.Release|Any CPU.Build.0 = Release|Any CPU
		{33958AA3-8473-4FDC-880C-80DC150F442E}.Debug|Any CPU.ActiveCfg = Debug|Any CPU
		{33958AA3-8473-4FDC-880C-80DC150F442E}.Debug|Any CPU.Build.0 = Debug|Any CPU
		{33958AA3-8473-4FDC-880C-80DC150F442E}.Release|Any CPU.ActiveCfg = Release|Any CPU
		{33958AA3-8473-4FDC-880C-80DC150F442E}.Release|Any CPU.Build.0 = Release|Any CPU
		{D8905FBD-BE9E-4A2D-8B8B-8005447B17F0}.Debug|Any CPU.ActiveCfg = Debug|Any CPU
		{D8905FBD-BE9E-4A2D-8B8B-8005447B17F0}.Debug|Any CPU.Build.0 = Debug|Any CPU
		{D8905FBD-BE9E-4A2D-8B8B-8005447B17F0}.Release|Any CPU.ActiveCfg = Release|Any CPU
		{D8905FBD-BE9E-4A2D-8B8B-8005447B17F0}.Release|Any CPU.Build.0 = Release|Any CPU
		{7CBE2DB6-4B5E-4998-9F3C-EC55EE9F8498}.Debug|Any CPU.ActiveCfg = Debug|Any CPU
		{7CBE2DB6-4B5E-4998-9F3C-EC55EE9F8498}.Debug|Any CPU.Build.0 = Debug|Any CPU
		{7CBE2DB6-4B5E-4998-9F3C-EC55EE9F8498}.Release|Any CPU.ActiveCfg = Release|Any CPU
		{7CBE2DB6-4B5E-4998-9F3C-EC55EE9F8498}.Release|Any CPU.Build.0 = Release|Any CPU
	EndGlobalSection
	GlobalSection(SolutionProperties) = preSolution
		HideSolutionNode = FALSE
	EndGlobalSection
	GlobalSection(ExtensibilityGlobals) = postSolution
		SolutionGuid = {4B803C9A-7177-43CF-AA41-621165A6E7E8}
	EndGlobalSection
EndGlobal
